
Microsoft Visual Studio Solution File, Format Version 12.00
# Visual Studio Version 17
VisualStudioVersion = 17.9.34728.123
MinimumVisualStudioVersion = 10.0.40219.1
Project("{FAE04EC0-301F-11D3-BF4B-00C04F79EFBC}") = "Build&BuildersIS", "Build&BuildersIS.csproj", "{9FED94BB-6836-424A-AEE0-D58C5DA2FC23}"
EndProject
Global
	GlobalSection(SolutionConfigurationPlatforms) = preSolution
		Debug|Any CPU = Debug|Any CPU
		Release|Any CPU = Release|Any CPU
	EndGlobalSection
	GlobalSection(ProjectConfigurationPlatforms) = postSolution
		{9FED94BB-6836-424A-AEE0-D58C5DA2FC23}.Debug|Any CPU.ActiveCfg = Debug|Any CPU
		{9FED94BB-6836-424A-AEE0-D58C5DA2FC23}.Debug|Any CPU.Build.0 = Debug|Any CPU
		{9FED94BB-6836-424A-AEE0-D58C5DA2FC23}.Release|Any CPU.ActiveCfg = Release|Any CPU
		{9FED94BB-6836-424A-AEE0-D58C5DA2FC23}.Release|Any CPU.Build.0 = Release|Any CPU
	EndGlobalSection
	GlobalSection(SolutionProperties) = preSolution
		HideSolutionNode = FALSE
	EndGlobalSection
	GlobalSection(ExtensibilityGlobals) = postSolution
		SolutionGuid = {5EBB4BD4-BBEA-4F52-929C-B520B79DCB4A}
	EndGlobalSection
EndGlobal
